// !$*UTF8*$!
{
	archiveVersion = 1;
	classes = {
	};
	objectVersion = 56;
	objects = {

/* Begin PBXBuildFile section */
		0457D6422A4B65DD00FB7840 /* whiteboxcartoonization.mlmodel in Sources */ = {isa = PBXBuildFile; fileRef = 0457D6412A4B65DD00FB7840 /* whiteboxcartoonization.mlmodel */; };
		0457D6442A4B661500FB7840 /* animeganHayao.mlmodel in Sources */ = {isa = PBXBuildFile; fileRef = 0457D6432A4B661400FB7840 /* animeganHayao.mlmodel */; };
		CAB3D1A92A4A64A000965F5F /* MLARProjectApp.swift in Sources */ = {isa = PBXBuildFile; fileRef = CAB3D1A82A4A64A000965F5F /* MLARProjectApp.swift */; };
		CAB3D1AB2A4A64A000965F5F /* ContentView.swift in Sources */ = {isa = PBXBuildFile; fileRef = CAB3D1AA2A4A64A000965F5F /* ContentView.swift */; };
		CAB3D1AD2A4A64A100965F5F /* Assets.xcassets in Resources */ = {isa = PBXBuildFile; fileRef = CAB3D1AC2A4A64A100965F5F /* Assets.xcassets */; };
		CAB3D1B02A4A64A100965F5F /* Preview Assets.xcassets in Resources */ = {isa = PBXBuildFile; fileRef = CAB3D1AF2A4A64A100965F5F /* Preview Assets.xcassets */; };
		CAB3D1B72A4B3A1800965F5F /* ModelController.swift in Sources */ = {isa = PBXBuildFile; fileRef = CAB3D1B62A4B3A1800965F5F /* ModelController.swift */; };
		CAB3D1BD2A4B3C2400965F5F /* fast-neural-style-transfer-starry-night.mlmodel in Sources */ = {isa = PBXBuildFile; fileRef = CAB3D1B92A4B3C2400965F5F /* fast-neural-style-transfer-starry-night.mlmodel */; };
		CAB3D1BE2A4B3C2400965F5F /* fast-neural-style-transfer-mosaic.mlmodel in Sources */ = {isa = PBXBuildFile; fileRef = CAB3D1BA2A4B3C2400965F5F /* fast-neural-style-transfer-mosaic.mlmodel */; };
		CAB3D1BF2A4B3C2400965F5F /* fast-neural-style-transfer-cuphead.mlmodel in Sources */ = {isa = PBXBuildFile; fileRef = CAB3D1BB2A4B3C2400965F5F /* fast-neural-style-transfer-cuphead.mlmodel */; };
		CAB3D1C02A4B3C2400965F5F /* Inceptionv3.mlmodel in Sources */ = {isa = PBXBuildFile; fileRef = CAB3D1BC2A4B3C2400965F5F /* Inceptionv3.mlmodel */; };
/* End PBXBuildFile section */

/* Begin PBXFileReference section */
		0457D6412A4B65DD00FB7840 /* whiteboxcartoonization.mlmodel */ = {isa = PBXFileReference; lastKnownFileType = file.mlmodel; path = whiteboxcartoonization.mlmodel; sourceTree = "<group>"; };
		0457D6432A4B661400FB7840 /* animeganHayao.mlmodel */ = {isa = PBXFileReference; lastKnownFileType = file.mlmodel; path = animeganHayao.mlmodel; sourceTree = "<group>"; };
		CAB3D1A52A4A64A000965F5F /* MLARProject.app */ = {isa = PBXFileReference; explicitFileType = wrapper.application; includeInIndex = 0; path = MLARProject.app; sourceTree = BUILT_PRODUCTS_DIR; };
		CAB3D1A82A4A64A000965F5F /* MLARProjectApp.swift */ = {isa = PBXFileReference; lastKnownFileType = sourcecode.swift; path = MLARProjectApp.swift; sourceTree = "<group>"; };
		CAB3D1AA2A4A64A000965F5F /* ContentView.swift */ = {isa = PBXFileReference; lastKnownFileType = sourcecode.swift; path = ContentView.swift; sourceTree = "<group>"; };
		CAB3D1AC2A4A64A100965F5F /* Assets.xcassets */ = {isa = PBXFileReference; lastKnownFileType = folder.assetcatalog; path = Assets.xcassets; sourceTree = "<group>"; };
		CAB3D1AF2A4A64A100965F5F /* Preview Assets.xcassets */ = {isa = PBXFileReference; lastKnownFileType = folder.assetcatalog; path = "Preview Assets.xcassets"; sourceTree = "<group>"; };
		CAB3D1B62A4B3A1800965F5F /* ModelController.swift */ = {isa = PBXFileReference; lastKnownFileType = sourcecode.swift; path = ModelController.swift; sourceTree = "<group>"; };
		CAB3D1B92A4B3C2400965F5F /* fast-neural-style-transfer-starry-night.mlmodel */ = {isa = PBXFileReference; lastKnownFileType = file.mlmodel; path = "fast-neural-style-transfer-starry-night.mlmodel"; sourceTree = "<group>"; };
		CAB3D1BA2A4B3C2400965F5F /* fast-neural-style-transfer-mosaic.mlmodel */ = {isa = PBXFileReference; lastKnownFileType = file.mlmodel; path = "fast-neural-style-transfer-mosaic.mlmodel"; sourceTree = "<group>"; };
		CAB3D1BB2A4B3C2400965F5F /* fast-neural-style-transfer-cuphead.mlmodel */ = {isa = PBXFileReference; lastKnownFileType = file.mlmodel; path = "fast-neural-style-transfer-cuphead.mlmodel"; sourceTree = "<group>"; };
		CAB3D1BC2A4B3C2400965F5F /* Inceptionv3.mlmodel */ = {isa = PBXFileReference; lastKnownFileType = file.mlmodel; path = Inceptionv3.mlmodel; sourceTree = "<group>"; };
/* End PBXFileReference section */

/* Begin PBXFrameworksBuildPhase section */
		CAB3D1A22A4A64A000965F5F /* Frameworks */ = {
			isa = PBXFrameworksBuildPhase;
			buildActionMask = 2147483647;
			files = (
			);
			runOnlyForDeploymentPostprocessing = 0;
		};
/* End PBXFrameworksBuildPhase section */

/* Begin PBXGroup section */
		CAB3D19C2A4A649F00965F5F = {
			isa = PBXGroup;
			children = (
				CAB3D1B82A4B3B4A00965F5F /* Models */,
				CAB3D1A72A4A64A000965F5F /* MLARProject */,
				CAB3D1A62A4A64A000965F5F /* Products */,
			);
			sourceTree = "<group>";
		};
		CAB3D1A62A4A64A000965F5F /* Products */ = {
			isa = PBXGroup;
			children = (
				CAB3D1A52A4A64A000965F5F /* MLARProject.app */,
			);
			name = Products;
			sourceTree = "<group>";
		};
		CAB3D1A72A4A64A000965F5F /* MLARProject */ = {
			isa = PBXGroup;
			children = (
				CAB3D1A82A4A64A000965F5F /* MLARProjectApp.swift */,
				CAB3D1AA2A4A64A000965F5F /* ContentView.swift */,
				CAB3D1AC2A4A64A100965F5F /* Assets.xcassets */,
				CAB3D1AE2A4A64A100965F5F /* Preview Content */,
				CAB3D1B62A4B3A1800965F5F /* ModelController.swift */,
			);
			path = MLARProject;
			sourceTree = "<group>";
		};
		CAB3D1AE2A4A64A100965F5F /* Preview Content */ = {
			isa = PBXGroup;
			children = (
				CAB3D1AF2A4A64A100965F5F /* Preview Assets.xcassets */,
			);
			path = "Preview Content";
			sourceTree = "<group>";
		};
		CAB3D1B82A4B3B4A00965F5F /* Models */ = {
			isa = PBXGroup;
			children = (
				CAB3D1BB2A4B3C2400965F5F /* fast-neural-style-transfer-cuphead.mlmodel */,
				CAB3D1BA2A4B3C2400965F5F /* fast-neural-style-transfer-mosaic.mlmodel */,
				CAB3D1B92A4B3C2400965F5F /* fast-neural-style-transfer-starry-night.mlmodel */,
				0457D6412A4B65DD00FB7840 /* whiteboxcartoonization.mlmodel */,
				0457D6432A4B661400FB7840 /* animeganHayao.mlmodel */,
				CAB3D1BC2A4B3C2400965F5F /* Inceptionv3.mlmodel */,
			);
			path = Models;
			sourceTree = "<group>";
		};
/* End PBXGroup section */

/* Begin PBXNativeTarget section */
		CAB3D1A42A4A64A000965F5F /* MLARProject */ = {
			isa = PBXNativeTarget;
			buildConfigurationList = CAB3D1B32A4A64A100965F5F /* Build configuration list for PBXNativeTarget "MLARProject" */;
			buildPhases = (
				CAB3D1A12A4A64A000965F5F /* Sources */,
				CAB3D1A22A4A64A000965F5F /* Frameworks */,
				CAB3D1A32A4A64A000965F5F /* Resources */,
			);
			buildRules = (
			);
			dependencies = (
			);
			name = MLARProject;
			productName = MLARProject;
			productReference = CAB3D1A52A4A64A000965F5F /* MLARProject.app */;
			productType = "com.apple.product-type.application";
		};
/* End PBXNativeTarget section */

/* Begin PBXProject section */
		CAB3D19D2A4A64A000965F5F /* Project object */ = {
			isa = PBXProject;
			attributes = {
				BuildIndependentTargetsInParallel = 1;
				LastSwiftUpdateCheck = 1400;
				LastUpgradeCheck = 1400;
				TargetAttributes = {
					CAB3D1A42A4A64A000965F5F = {
						CreatedOnToolsVersion = 14.0.1;
					};
				};
			};
			buildConfigurationList = CAB3D1A02A4A64A000965F5F /* Build configuration list for PBXProject "MLARProject" */;
			compatibilityVersion = "Xcode 14.0";
			developmentRegion = en;
			hasScannedForEncodings = 0;
			knownRegions = (
				en,
				Base,
			);
			mainGroup = CAB3D19C2A4A649F00965F5F;
			productRefGroup = CAB3D1A62A4A64A000965F5F /* Products */;
			projectDirPath = "";
			projectRoot = "";
			targets = (
				CAB3D1A42A4A64A000965F5F /* MLARProject */,
			);
		};
/* End PBXProject section */

/* Begin PBXResourcesBuildPhase section */
		CAB3D1A32A4A64A000965F5F /* Resources */ = {
			isa = PBXResourcesBuildPhase;
			buildActionMask = 2147483647;
			files = (
				CAB3D1B02A4A64A100965F5F /* Preview Assets.xcassets in Resources */,
				CAB3D1AD2A4A64A100965F5F /* Assets.xcassets in Resources */,
			);
			runOnlyForDeploymentPostprocessing = 0;
		};
/* End PBXResourcesBuildPhase section */

/* Begin PBXSourcesBuildPhase section */
		CAB3D1A12A4A64A000965F5F /* Sources */ = {
			isa = PBXSourcesBuildPhase;
			buildActionMask = 2147483647;
			files = (
				0457D6442A4B661500FB7840 /* animeganHayao.mlmodel in Sources */,
				CAB3D1B72A4B3A1800965F5F /* ModelController.swift in Sources */,
				CAB3D1AB2A4A64A000965F5F /* ContentView.swift in Sources */,
				CAB3D1BE2A4B3C2400965F5F /* fast-neural-style-transfer-mosaic.mlmodel in Sources */,
				CAB3D1BF2A4B3C2400965F5F /* fast-neural-style-transfer-cuphead.mlmodel in Sources */,
				0457D6422A4B65DD00FB7840 /* whiteboxcartoonization.mlmodel in Sources */,
				CAB3D1BD2A4B3C2400965F5F /* fast-neural-style-transfer-starry-night.mlmodel in Sources */,
				CAB3D1A92A4A64A000965F5F /* MLARProjectApp.swift in Sources */,
				CAB3D1C02A4B3C2400965F5F /* Inceptionv3.mlmodel in Sources */,
			);
			runOnlyForDeploymentPostprocessing = 0;
		};
/* End PBXSourcesBuildPhase section */

/* Begin XCBuildConfiguration section */
		CAB3D1B12A4A64A100965F5F /* Debug */ = {
			isa = XCBuildConfiguration;
			buildSettings = {
				ALWAYS_SEARCH_USER_PATHS = NO;
				CLANG_ANALYZER_NONNULL = YES;
				CLANG_ANALYZER_NUMBER_OBJECT_CONVERSION = YES_AGGRESSIVE;
				CLANG_CXX_LANGUAGE_STANDARD = "gnu++20";
				CLANG_ENABLE_MODULES = YES;
				CLANG_ENABLE_OBJC_ARC = YES;
				CLANG_ENABLE_OBJC_WEAK = YES;
				CLANG_WARN_BLOCK_CAPTURE_AUTORELEASING = YES;
				CLANG_WARN_BOOL_CONVERSION = YES;
				CLANG_WARN_COMMA = YES;
				CLANG_WARN_CONSTANT_CONVERSION = YES;
				CLANG_WARN_DEPRECATED_OBJC_IMPLEMENTATIONS = YES;
				CLANG_WARN_DIRECT_OBJC_ISA_USAGE = YES_ERROR;
				CLANG_WARN_DOCUMENTATION_COMMENTS = YES;
				CLANG_WARN_EMPTY_BODY = YES;
				CLANG_WARN_ENUM_CONVERSION = YES;
				CLANG_WARN_INFINITE_RECURSION = YES;
				CLANG_WARN_INT_CONVERSION = YES;
				CLANG_WARN_NON_LITERAL_NULL_CONVERSION = YES;
				CLANG_WARN_OBJC_IMPLICIT_RETAIN_SELF = YES;
				CLANG_WARN_OBJC_LITERAL_CONVERSION = YES;
				CLANG_WARN_OBJC_ROOT_CLASS = YES_ERROR;
				CLANG_WARN_QUOTED_INCLUDE_IN_FRAMEWORK_HEADER = YES;
				CLANG_WARN_RANGE_LOOP_ANALYSIS = YES;
				CLANG_WARN_STRICT_PROTOTYPES = YES;
				CLANG_WARN_SUSPICIOUS_MOVE = YES;
				CLANG_WARN_UNGUARDED_AVAILABILITY = YES_AGGRESSIVE;
				CLANG_WARN_UNREACHABLE_CODE = YES;
				CLANG_WARN__DUPLICATE_METHOD_MATCH = YES;
				COPY_PHASE_STRIP = NO;
				DEBUG_INFORMATION_FORMAT = dwarf;
				ENABLE_STRICT_OBJC_MSGSEND = YES;
				ENABLE_TESTABILITY = YES;
				GCC_C_LANGUAGE_STANDARD = gnu11;
				GCC_DYNAMIC_NO_PIC = NO;
				GCC_NO_COMMON_BLOCKS = YES;
				GCC_OPTIMIZATION_LEVEL = 0;
				GCC_PREPROCESSOR_DEFINITIONS = (
					"DEBUG=1",
					"$(inherited)",
				);
				GCC_WARN_64_TO_32_BIT_CONVERSION = YES;
				GCC_WARN_ABOUT_RETURN_TYPE = YES_ERROR;
				GCC_WARN_UNDECLARED_SELECTOR = YES;
				GCC_WARN_UNINITIALIZED_AUTOS = YES_AGGRESSIVE;
				GCC_WARN_UNUSED_FUNCTION = YES;
				GCC_WARN_UNUSED_VARIABLE = YES;
				IPHONEOS_DEPLOYMENT_TARGET = 16.0;
				MTL_ENABLE_DEBUG_INFO = INCLUDE_SOURCE;
				MTL_FAST_MATH = YES;
				ONLY_ACTIVE_ARCH = YES;
				SDKROOT = iphoneos;
				SWIFT_ACTIVE_COMPILATION_CONDITIONS = DEBUG;
				SWIFT_OPTIMIZATION_LEVEL = "-Onone";
			};
			name = Debug;
		};
		CAB3D1B22A4A64A100965F5F /* Release */ = {
			isa = XCBuildConfiguration;
			buildSettings = {
				ALWAYS_SEARCH_USER_PATHS = NO;
				CLANG_ANALYZER_NONNULL = YES;
				CLANG_ANALYZER_NUMBER_OBJECT_CONVERSION = YES_AGGRESSIVE;
				CLANG_CXX_LANGUAGE_STANDARD = "gnu++20";
				CLANG_ENABLE_MODULES = YES;
				CLANG_ENABLE_OBJC_ARC = YES;
				CLANG_ENABLE_OBJC_WEAK = YES;
				CLANG_WARN_BLOCK_CAPTURE_AUTORELEASING = YES;
				CLANG_WARN_BOOL_CONVERSION = YES;
				CLANG_WARN_COMMA = YES;
				CLANG_WARN_CONSTANT_CONVERSION = YES;
				CLANG_WARN_DEPRECATED_OBJC_IMPLEMENTATIONS = YES;
				CLANG_WARN_DIRECT_OBJC_ISA_USAGE = YES_ERROR;
				CLANG_WARN_DOCUMENTATION_COMMENTS = YES;
				CLANG_WARN_EMPTY_BODY = YES;
				CLANG_WARN_ENUM_CONVERSION = YES;
				CLANG_WARN_INFINITE_RECURSION = YES;
				CLANG_WARN_INT_CONVERSION = YES;
				CLANG_WARN_NON_LITERAL_NULL_CONVERSION = YES;
				CLANG_WARN_OBJC_IMPLICIT_RETAIN_SELF = YES;
				CLANG_WARN_OBJC_LITERAL_CONVERSION = YES;
				CLANG_WARN_OBJC_ROOT_CLASS = YES_ERROR;
				CLANG_WARN_QUOTED_INCLUDE_IN_FRAMEWORK_HEADER = YES;
				CLANG_WARN_RANGE_LOOP_ANALYSIS = YES;
				CLANG_WARN_STRICT_PROTOTYPES = YES;
				CLANG_WARN_SUSPICIOUS_MOVE = YES;
				CLANG_WARN_UNGUARDED_AVAILABILITY = YES_AGGRESSIVE;
				CLANG_WARN_UNREACHABLE_CODE = YES;
				CLANG_WARN__DUPLICATE_METHOD_MATCH = YES;
				COPY_PHASE_STRIP = NO;
				DEBUG_INFORMATION_FORMAT = "dwarf-with-dsym";
				ENABLE_NS_ASSERTIONS = NO;
				ENABLE_STRICT_OBJC_MSGSEND = YES;
				GCC_C_LANGUAGE_STANDARD = gnu11;
				GCC_NO_COMMON_BLOCKS = YES;
				GCC_WARN_64_TO_32_BIT_CONVERSION = YES;
				GCC_WARN_ABOUT_RETURN_TYPE = YES_ERROR;
				GCC_WARN_UNDECLARED_SELECTOR = YES;
				GCC_WARN_UNINITIALIZED_AUTOS = YES_AGGRESSIVE;
				GCC_WARN_UNUSED_FUNCTION = YES;
				GCC_WARN_UNUSED_VARIABLE = YES;
				IPHONEOS_DEPLOYMENT_TARGET = 16.0;
				MTL_ENABLE_DEBUG_INFO = NO;
				MTL_FAST_MATH = YES;
				SDKROOT = iphoneos;
				SWIFT_COMPILATION_MODE = wholemodule;
				SWIFT_OPTIMIZATION_LEVEL = "-O";
				VALIDATE_PRODUCT = YES;
			};
			name = Release;
		};
		CAB3D1B42A4A64A100965F5F /* Debug */ = {
			isa = XCBuildConfiguration;
			buildSettings = {
				ASSETCATALOG_COMPILER_APPICON_NAME = AppIcon;
				ASSETCATALOG_COMPILER_GLOBAL_ACCENT_COLOR_NAME = AccentColor;
				CODE_SIGN_STYLE = Automatic;
				CURRENT_PROJECT_VERSION = 1;
				DEVELOPMENT_ASSET_PATHS = "\"MLARProject/Preview Content\"";
				DEVELOPMENT_TEAM = VNU8KKW4GG;
				ENABLE_PREVIEWS = YES;
				GENERATE_INFOPLIST_FILE = YES;
				INFOPLIST_KEY_UIApplicationSceneManifest_Generation = YES;
				INFOPLIST_KEY_UIApplicationSupportsIndirectInputEvents = YES;
				INFOPLIST_KEY_UILaunchScreen_Generation = YES;
				INFOPLIST_KEY_UISupportedInterfaceOrientations_iPad = "UIInterfaceOrientationPortrait UIInterfaceOrientationPortraitUpsideDown UIInterfaceOrientationLandscapeLeft UIInterfaceOrientationLandscapeRight";
				INFOPLIST_KEY_UISupportedInterfaceOrientations_iPhone = "UIInterfaceOrientationPortrait UIInterfaceOrientationLandscapeLeft UIInterfaceOrientationLandscapeRight";
				LD_RUNPATH_SEARCH_PATHS = (
					"$(inherited)",
					"@executable_path/Frameworks",
				);
				MARKETING_VERSION = 1.0;
				PRODUCT_BUNDLE_IDENTIFIER = "ua.edu.ukma-kazistov.vladyslav.MLARProject";
				PRODUCT_NAME = "$(TARGET_NAME)";
				SWIFT_EMIT_LOC_STRINGS = YES;
				SWIFT_VERSION = 5.0;
				TARGETED_DEVICE_FAMILY = "1,2";
			};
			name = Debug;
		};
		CAB3D1B52A4A64A100965F5F /* Release */ = {
			isa = XCBuildConfiguration;
			buildSettings = {
				ASSETCATALOG_COMPILER_APPICON_NAME = AppIcon;
				ASSETCATALOG_COMPILER_GLOBAL_ACCENT_COLOR_NAME = AccentColor;
				CODE_SIGN_STYLE = Automatic;
				CURRENT_PROJECT_VERSION = 1;
				DEVELOPMENT_ASSET_PATHS = "\"MLARProject/Preview Content\"";
				DEVELOPMENT_TEAM = VNU8KKW4GG;
				ENABLE_PREVIEWS = YES;
				GENERATE_INFOPLIST_FILE = YES;
				INFOPLIST_KEY_UIApplicationSceneManifest_Generation = YES;
				INFOPLIST_KEY_UIApplicationSupportsIndirectInputEvents = YES;
				INFOPLIST_KEY_UILaunchScreen_Generation = YES;
				INFOPLIST_KEY_UISupportedInterfaceOrientations_iPad = "UIInterfaceOrientationPortrait UIInterfaceOrientationPortraitUpsideDown UIInterfaceOrientationLandscapeLeft UIInterfaceOrientationLandscapeRight";
				INFOPLIST_KEY_UISupportedInterfaceOrientations_iPhone = "UIInterfaceOrientationPortrait UIInterfaceOrientationLandscapeLeft UIInterfaceOrientationLandscapeRight";
				LD_RUNPATH_SEARCH_PATHS = (
					"$(inherited)",
					"@executable_path/Frameworks",
				);
				MARKETING_VERSION = 1.0;
				PRODUCT_BUNDLE_IDENTIFIER = "ua.edu.ukma-kazistov.vladyslav.MLARProject";
				PRODUCT_NAME = "$(TARGET_NAME)";
				SWIFT_EMIT_LOC_STRINGS = YES;
				SWIFT_VERSION = 5.0;
				TARGETED_DEVICE_FAMILY = "1,2";
			};
			name = Release;
		};
/* End XCBuildConfiguration section */

/* Begin XCConfigurationList section */
		CAB3D1A02A4A64A000965F5F /* Build configuration list for PBXProject "MLARProject" */ = {
			isa = XCConfigurationList;
			buildConfigurations = (
				CAB3D1B12A4A64A100965F5F /* Debug */,
				CAB3D1B22A4A64A100965F5F /* Release */,
			);
			defaultConfigurationIsVisible = 0;
			defaultConfigurationName = Release;
		};
		CAB3D1B32A4A64A100965F5F /* Build configuration list for PBXNativeTarget "MLARProject" */ = {
			isa = XCConfigurationList;
			buildConfigurations = (
				CAB3D1B42A4A64A100965F5F /* Debug */,
				CAB3D1B52A4A64A100965F5F /* Release */,
			);
			defaultConfigurationIsVisible = 0;
			defaultConfigurationName = Release;
		};
/* End XCConfigurationList section */
	};
	rootObject = CAB3D19D2A4A64A000965F5F /* Project object */;
}
